
Microsoft Visual Studio Solution File, Format Version 12.00
# Visual Studio 2015
Project("{FAE04EC0-301F-11D3-BF4B-00C04F79EFBC}") = "GuiltyLife(7.23).CSharp", "GuiltyLife(7.23).CSharp.csproj", "{8BADB22C-F14C-5FA9-0C87-3DEEECC80C76}"
EndProject
Project("{FAE04EC0-301F-11D3-BF4B-00C04F79EFBC}") = "GuiltyLife(7.23).CSharp.Editor", "GuiltyLife(7.23).CSharp.Editor.csproj", "{5E371F02-3355-6065-2089-B4745DC00AEC}"
EndProject
Global
	GlobalSection(SolutionConfigurationPlatforms) = preSolution
		Debug|Any CPU = Debug|Any CPU
		Release|Any CPU = Release|Any CPU
	EndGlobalSection
	GlobalSection(ProjectConfigurationPlatforms) = postSolution
		{8BADB22C-F14C-5FA9-0C87-3DEEECC80C76}.Debug|Any CPU.ActiveCfg = Debug|Any CPU
		{8BADB22C-F14C-5FA9-0C87-3DEEECC80C76}.Debug|Any CPU.Build.0 = Debug|Any CPU
		{8BADB22C-F14C-5FA9-0C87-3DEEECC80C76}.Release|Any CPU.ActiveCfg = Release|Any CPU
		{8BADB22C-F14C-5FA9-0C87-3DEEECC80C76}.Release|Any CPU.Build.0 = Release|Any CPU
		{5E371F02-3355-6065-2089-B4745DC00AEC}.Debug|Any CPU.ActiveCfg = Debug|Any CPU
		{5E371F02-3355-6065-2089-B4745DC00AEC}.Debug|Any CPU.Build.0 = Debug|Any CPU
		{5E371F02-3355-6065-2089-B4745DC00AEC}.Release|Any CPU.ActiveCfg = Release|Any CPU
		{5E371F02-3355-6065-2089-B4745DC00AEC}.Release|Any CPU.Build.0 = Release|Any CPU
	EndGlobalSection
	GlobalSection(SolutionProperties) = preSolution
		HideSolutionNode = FALSE
	EndGlobalSection
EndGlobal
