
Microsoft Visual Studio Solution File, Format Version 12.00
# Visual Studio 2015
Project("{FAE04EC0-301F-11D3-BF4B-00C04F79EFBC}") = "GuiltyLife(7.22)_그림추가.CSharp", "GuiltyLife(7.22)_그림추가.CSharp.csproj", "{AEFF3605-38DE-47E5-A03C-65CD611A1419}"
EndProject
Project("{FAE04EC0-301F-11D3-BF4B-00C04F79EFBC}") = "GuiltyLife(7.22)_그림추가.CSharp.Editor", "GuiltyLife(7.22)_그림추가.CSharp.Editor.csproj", "{6CB9297B-2B5C-EAFF-0A42-6ECE3E77C7FF}"
EndProject
Global
	GlobalSection(SolutionConfigurationPlatforms) = preSolution
		Debug|Any CPU = Debug|Any CPU
		Release|Any CPU = Release|Any CPU
	EndGlobalSection
	GlobalSection(ProjectConfigurationPlatforms) = postSolution
		{AEFF3605-38DE-47E5-A03C-65CD611A1419}.Debug|Any CPU.ActiveCfg = Debug|Any CPU
		{AEFF3605-38DE-47E5-A03C-65CD611A1419}.Debug|Any CPU.Build.0 = Debug|Any CPU
		{AEFF3605-38DE-47E5-A03C-65CD611A1419}.Release|Any CPU.ActiveCfg = Release|Any CPU
		{AEFF3605-38DE-47E5-A03C-65CD611A1419}.Release|Any CPU.Build.0 = Release|Any CPU
		{6CB9297B-2B5C-EAFF-0A42-6ECE3E77C7FF}.Debug|Any CPU.ActiveCfg = Debug|Any CPU
		{6CB9297B-2B5C-EAFF-0A42-6ECE3E77C7FF}.Debug|Any CPU.Build.0 = Debug|Any CPU
		{6CB9297B-2B5C-EAFF-0A42-6ECE3E77C7FF}.Release|Any CPU.ActiveCfg = Release|Any CPU
		{6CB9297B-2B5C-EAFF-0A42-6ECE3E77C7FF}.Release|Any CPU.Build.0 = Release|Any CPU
	EndGlobalSection
	GlobalSection(SolutionProperties) = preSolution
		HideSolutionNode = FALSE
	EndGlobalSection
EndGlobal
