
Microsoft Visual Studio Solution File, Format Version 12.00
# Visual Studio 2015
Project("{FAE04EC0-301F-11D3-BF4B-00C04F79EFBC}") = "GuiltyLife(7.15)_eventTriggerError.CSharp", "GuiltyLife(7.15)_eventTriggerError.CSharp.csproj", "{13FED0B9-E265-B239-DDA6-1BDD2C9DDD57}"
EndProject
Project("{FAE04EC0-301F-11D3-BF4B-00C04F79EFBC}") = "GuiltyLife(7.15)_eventTriggerError.CSharp.Editor", "GuiltyLife(7.15)_eventTriggerError.CSharp.Editor.csproj", "{22754417-9CCF-CE71-D71C-21960D2DC5C9}"
EndProject
Global
	GlobalSection(SolutionConfigurationPlatforms) = preSolution
		Debug|Any CPU = Debug|Any CPU
		Release|Any CPU = Release|Any CPU
	EndGlobalSection
	GlobalSection(ProjectConfigurationPlatforms) = postSolution
		{13FED0B9-E265-B239-DDA6-1BDD2C9DDD57}.Debug|Any CPU.ActiveCfg = Debug|Any CPU
		{13FED0B9-E265-B239-DDA6-1BDD2C9DDD57}.Debug|Any CPU.Build.0 = Debug|Any CPU
		{13FED0B9-E265-B239-DDA6-1BDD2C9DDD57}.Release|Any CPU.ActiveCfg = Release|Any CPU
		{13FED0B9-E265-B239-DDA6-1BDD2C9DDD57}.Release|Any CPU.Build.0 = Release|Any CPU
		{22754417-9CCF-CE71-D71C-21960D2DC5C9}.Debug|Any CPU.ActiveCfg = Debug|Any CPU
		{22754417-9CCF-CE71-D71C-21960D2DC5C9}.Debug|Any CPU.Build.0 = Debug|Any CPU
		{22754417-9CCF-CE71-D71C-21960D2DC5C9}.Release|Any CPU.ActiveCfg = Release|Any CPU
		{22754417-9CCF-CE71-D71C-21960D2DC5C9}.Release|Any CPU.Build.0 = Release|Any CPU
	EndGlobalSection
	GlobalSection(SolutionProperties) = preSolution
		HideSolutionNode = FALSE
	EndGlobalSection
EndGlobal
